schema: '2.0'
stages:
  evaluate_model:
    cmd: python 10/data/scripts/evaluate_model.py
    deps:
    - path: data/student_combined_cleaned.csv
      hash: md5
      md5: dedd128d95cbabf27d2fe5106c989605
      size: 107883
    - path: models/catboost_model_full.cbm
      hash: md5
      md5: 5a42a6db5d5e4129220d3e54ca6a44bb
      size: 589392
    - path: models/model.pkl
      hash: md5
      md5: 3ea30562d231877c8409f911bd9af507
      size: 2793
    - path: models/tree_model.pkl
      hash: md5
      md5: f4046e56230b189a49b9c05c1c1042ea
      size: 47713
    outs:
    - path: eval_results.txt
      hash: md5
      md5: c69e8b86316b388ea88d3e13877fb75a
      size: 50
  train_decision_tree:
    cmd: python 10/data/scripts/train_decision_tree.py
    deps:
    - path: data/student_combined_cleaned.csv
      hash: md5
      md5: dedd128d95cbabf27d2fe5106c989605
      size: 107883
    outs:
    - path: models/tree_model.pkl
      hash: md5
      md5: f4046e56230b189a49b9c05c1c1042ea
      size: 47713
  train_linear_regression:
    cmd: python 10/data/scripts/train_model.py
    deps:
    - path: data/student_combined_cleaned.csv
      hash: md5
      md5: dedd128d95cbabf27d2fe5106c989605
      size: 107883
    outs:
    - path: models/model.pkl
      hash: md5
      md5: 3ea30562d231877c8409f911bd9af507
      size: 2793
  train_catboost:
    cmd: python 10/data/scripts/data/train_catboost_full.py
    deps:
    - path: 10/data/scripts/data/train_catboost_full.py
      hash: md5
      md5: 660901e839aea8f24f3365e122f56134
      size: 2186
    - path: data/student_combined_cleaned.csv
      hash: md5
      md5: dedd128d95cbabf27d2fe5106c989605
      size: 107883
    outs:
    - path: models/catboost_model_full.cbm
      hash: md5
      md5: 5a42a6db5d5e4129220d3e54ca6a44bb
      size: 589392
