schema: '2.0'
stages:
  evaluate_model:
    cmd: python 10/data/scripts/evaluate_model.py
    deps:
    - path: data/student_combined_cleaned.csv
      hash: md5
      md5: dedd128d95cbabf27d2fe5106c989605
      size: 107883
    - path: models/catboost_model_full.cbm
      hash: md5
      md5: 5a42a6db5d5e4129220d3e54ca6a44bb
      size: 589392
    - path: models/model.pkl
      hash: md5
      md5: 3ea30562d231877c8409f911bd9af507
      size: 2793
    - path: models/tree_model.pkl
      hash: md5
      md5: f4046e56230b189a49b9c05c1c1042ea
      size: 47713
    outs:
    - path: eval_results.txt
      hash: md5
      md5: c69e8b86316b388ea88d3e13877fb75a
      size: 50
  train_decision_tree:
    cmd: python 10/data/scripts/train_decision_tree.py
    deps:
    - path: 10/data/scripts/train_decision_tree.py
      hash: md5
      md5: 70573a0db8b41ad9ccf9dba5ecd10cea
      size: 1929
    - path: data/student_combined_cleaned.csv
      hash: md5
      md5: dedd128d95cbabf27d2fe5106c989605
      size: 107883
    params:
      params.yaml:
        decision_tree.data_path: data/student_combined_cleaned.csv
        decision_tree.max_depth: 10
        decision_tree.min_samples_split: 2
        decision_tree.model_output: models/decision_tree_model.pkl
    outs:
    - path: 10/data/raw/decision_tree_train_data.csv
      hash: md5
      md5: 64119642e909dbfb3d8823341d53873a
      size: 196429
    - path: models/decision_tree_model.pkl
      hash: md5
      md5: bc2b81a2ab76bf13e3778228375aacf8
      size: 42529
  train_linear_regression:
    cmd: python 10/data/scripts/train_linear_regression.py
    deps:
    - path: 10/data/scripts/train_linear_regression.py
      hash: md5
      md5: b4f43f921faaf656407ae514e9a6d4c3
      size: 1632
    - path: data/student_combined_cleaned.csv
      hash: md5
      md5: dedd128d95cbabf27d2fe5106c989605
      size: 107883
    - path: params.yaml
      hash: md5
      md5: dcd3622b34f7c6df99daeb075b6d4147
      size: 2692
    params:
      params.yaml:
        linear_regression.alpha: 1.0
        linear_regression.model_output: models/linear_regression_model.pkl
        linear_regression.random_state: 42
        linear_regression.test_size: 0.3
    outs:
    - path: models/linear_regression_model.pkl
      hash: md5
      md5: 89eeae4ab0e17502bc3ddd1c59cff254
      size: 2793
  train_catboost:
    cmd: python 10/data/scripts/train_catboost.py
    deps:
    - path: 10/data/scripts/train_catboost.py
      hash: md5
      md5: 46d8aa60943f2899d109ee9372428795
      size: 2364
    - path: data/student_combined_cleaned.csv
      hash: md5
      md5: dedd128d95cbabf27d2fe5106c989605
      size: 107883
    - path: params.yaml
      hash: md5
      md5: dcd3622b34f7c6df99daeb075b6d4147
      size: 2692
    params:
      params.yaml:
        catboost.categorical_features:
        - school
        - sex
        - address
        - famsize
        - Pstatus
        - Mjob
        - Fjob
        - reason
        - guardian
        - schoolsup
        - famsup
        - paid
        - activities
        - nursery
        - higher
        - internet
        - romantic
        - class
        catboost.data_path: data/student_combined_cleaned.csv
        catboost.depth: 6
        catboost.iterations: 1000
        catboost.learning_rate: 0.05
        catboost.loss_function: RMSE
        catboost.model_output: models/catboost_model.cbm
        catboost.random_state: 42
        catboost.target: G3
        catboost.test_size: 0.3
        catboost.verbose: 100
    outs:
    - path: 10\data\raw\catboost_train.csv
      hash: md5
      md5: c8840e1062cc0aa781f6c3b2ee544711
      size: 75509
    - path: models/catboost_model.cbm
      hash: md5
      md5: cec2ce36cca858d13c4e0339727e54be
      size: 1147416
    - path: results/catboost_feature_importance_train.csv
      hash: md5
      md5: bd91364c468891bf2ef3561fc5108a0f
      size: 916
  train_xgboost:
    cmd: python 10/data/scripts/train_xgboost.py
    deps:
    - path: 10/data/scripts/train_xgboost.py
      hash: md5
      md5: 00017835153c321543b07c5cc4345a0b
      size: 1379
    - path: data/student_combined_cleaned.csv
      hash: md5
      md5: dedd128d95cbabf27d2fe5106c989605
      size: 107883
    - path: params.yaml
      hash: md5
      md5: dcd3622b34f7c6df99daeb075b6d4147
      size: 2692
    params:
      params.yaml:
        xgboost.colsample_bytree: 0.8
        xgboost.data_path: data/student_combined_cleaned.csv
        xgboost.learning_rate: 0.1
        xgboost.max_depth: 6
        xgboost.model_output: models/xgboost_model.json
        xgboost.n_estimators: 500
        xgboost.random_state: 42
        xgboost.subsample: 0.8
        xgboost.target: G3
        xgboost.test_size: 0.3
    outs:
    - path: 10\data\raw\xgboost_train_data.csv
      hash: md5
      md5: 64119642e909dbfb3d8823341d53873a
      size: 196429
    - path: models/xgboost_model.json
      hash: md5
      md5: e4863f7be99549ad04e3eb91ff07c48d
      size: 2326633
  evaluate_linear_regression:
    cmd: python 10/data/scripts/evaluate_linear_regression.py
    deps:
    - path: 10/data/scripts/evaluate_linear_regression.py
      hash: md5
      md5: 4df7b6b1c9840cd7436fd9cfc0f437e3
      size: 2402
    - path: data/student_combined_cleaned.csv
      hash: md5
      md5: dedd128d95cbabf27d2fe5106c989605
      size: 107883
    - path: models/linear_regression_model.pkl
      hash: md5
      md5: 89eeae4ab0e17502bc3ddd1c59cff254
      size: 2793
    - path: params.yaml
      hash: md5
      md5: dcd3622b34f7c6df99daeb075b6d4147
      size: 2692
    params:
      params.yaml:
        linear_regression.plot_alpha: 0.6
        linear_regression.plot_figsize:
        - 8
        - 6
        linear_regression.plot_line_range:
        - 0
        - 20
        linear_regression.random_state: 42
        linear_regression.test_size: 0.3
    outs:
    - path: results/linear_regression_eval_plot.png
      hash: md5
      md5: bc18f0b4e125a3ee2d9739ce5a0d14a5
      size: 244334
    - path: results/linear_regression_eval_result.txt
      hash: md5
      md5: de0b6018268f77638c77be9fac6e4e58
      size: 26
  evaluate_decision_tree:
    cmd: python 10/data/scripts/evaluate_decision_tree.py
    deps:
    - path: 10/data/scripts/evaluate_decision_tree.py
      hash: md5
      md5: 2e9ef16e9f8e5f769b6fe70525e69c48
      size: 2140
    - path: data/student_combined_cleaned.csv
      hash: md5
      md5: dedd128d95cbabf27d2fe5106c989605
      size: 107883
    - path: models/decision_tree_model.pkl
      hash: md5
      md5: bc2b81a2ab76bf13e3778228375aacf8
      size: 42529
    params:
      params.yaml:
        decision_tree.data_path: data/student_combined_cleaned.csv
        decision_tree.model_output: models/decision_tree_model.pkl
        decision_tree.plot_alpha: 0.6
        decision_tree.plot_figsize:
        - 8
        - 6
        decision_tree.plot_line_range:
        - 0
        - 20
        decision_tree.random_state: 42
        decision_tree.test_size: 0.3
    outs:
    - path: 10/data/raw/decision_tree_eval_data.csv
      hash: md5
      md5: 3a0f06c9d2da28298db9cb6ba281767c
      size: 84844
    - path: results/decision_tree_eval_plot.png
      hash: md5
      md5: 24b84e57c3d325035d404d53fcf6eaab
      size: 172901
    - path: results/decision_tree_eval_result.txt
      hash: md5
      md5: 95060b4c37f764b306095ff01914ad8a
      size: 27
  evaluate_catboost:
    cmd: python 10/data/scripts/evaluate_catboost.py
    deps:
    - path: 10/data/scripts/evaluate_catboost.py
      hash: md5
      md5: f7e17ba59200b241ca8648f21a45cab8
      size: 2398
    - path: data/student_combined_cleaned.csv
      hash: md5
      md5: dedd128d95cbabf27d2fe5106c989605
      size: 107883
    - path: models/catboost_model.cbm
      hash: md5
      md5: cec2ce36cca858d13c4e0339727e54be
      size: 1147416
    - path: params.yaml
      hash: md5
      md5: dcd3622b34f7c6df99daeb075b6d4147
      size: 2692
    params:
      params.yaml:
        catboost.categorical_features:
        - school
        - sex
        - address
        - famsize
        - Pstatus
        - Mjob
        - Fjob
        - reason
        - guardian
        - schoolsup
        - famsup
        - paid
        - activities
        - nursery
        - higher
        - internet
        - romantic
        - class
        catboost.plot_alpha: 0.6
        catboost.plot_figsize:
        - 8
        - 6
        catboost.plot_line_range:
        - 0
        - 20
        catboost.random_state: 42
        catboost.target: G3
        catboost.test_size: 0.3
    outs:
    - path: 10\data\raw\catboost_eval_data.csv
      hash: md5
      md5: 7e7d19108b1d5bf65edc4a7035f14046
      size: 32609
    - path: results/catboost_eval_plot.png
      hash: md5
      md5: 3a88dd3725d84587c5261485725e65e1
      size: 234738
    - path: results/catboost_eval_result.txt
      hash: md5
      md5: 24d340e0adac309489b77847a243f068
      size: 27
  evaluate_xgboost:
    cmd: python 10/data/scripts/evaluate_xgboost.py
    deps:
    - path: 10/data/scripts/evaluate_xgboost.py
      hash: md5
      md5: 1e30d28889e1aceb09f0dd3bc5e6fb56
      size: 2403
    - path: data/student_combined_cleaned.csv
      hash: md5
      md5: dedd128d95cbabf27d2fe5106c989605
      size: 107883
    - path: models/xgboost_model.json
      hash: md5
      md5: e4863f7be99549ad04e3eb91ff07c48d
      size: 2326633
    - path: params.yaml
      hash: md5
      md5: dcd3622b34f7c6df99daeb075b6d4147
      size: 2692
    params:
      params.yaml:
        xgboost.data_path: data/student_combined_cleaned.csv
        xgboost.importance_plot_output: results/xgboost_feature_importance.png
        xgboost.plot_figsize:
        - 12
        - 6
        xgboost.random_state: 42
        xgboost.target: G3
        xgboost.test_size: 0.3
    outs:
    - path: 10\data\raw\xgboost_eval_data.csv
      hash: md5
      md5: 3a0f06c9d2da28298db9cb6ba281767c
      size: 84844
    - path: results/xgboost_eval_result.txt
      hash: md5
      md5: c51825135fc478e55b3bd28d33e6a6be
      size: 27
    - path: results/xgboost_feature_importance.png
      hash: md5
      md5: 8cac064062ff17efc116d5c68937d26d
      size: 263592
  train_nn:
    cmd: python 10/data/scripts/train_nn.py
    deps:
    - path: 10/data/scripts/train_nn.py
      hash: md5
      md5: d4388e5124736d92bd7f777ef1ee3521
      size: 5277
    - path: data/student_combined_cleaned.csv
      hash: md5
      md5: dedd128d95cbabf27d2fe5106c989605
      size: 107883
    - path: params.yaml
      hash: md5
      md5: dcd3622b34f7c6df99daeb075b6d4147
      size: 2692
    params:
      params.yaml:
        nn.batch_size: 32
        nn.data_path: data/student_combined_cleaned.csv
        nn.dropout: 0.2
        nn.epochs: 100
        nn.feature_columns_output: 10/data/raw/nn_feature_columns.txt
        nn.learning_rate: 0.001
        nn.loss_plot_output: 10/data/raw/nn_loss_curve.png
        nn.model_output: models/nn_model.pth
        nn.plot_figsize:
        - 8
        - 6
        nn.random_state: 42
        nn.target: G3
        nn.tensorboard_log_dir: runs/nn_experiment
        nn.test_size: 0.3
        nn.train_data_output: 10/data/raw/nn_train_data.csv
    outs:
    - path: 10/data/raw/nn_feature_columns.txt
      hash: md5
      md5: 0fefbc1558ccc1156b14998a4fb68450
      size: 693
    - path: 10/data/raw/nn_loss_curve.png
      hash: md5
      md5: 634fb1be7b874007351e63d027825bf1
      size: 24132
    - path: 10/data/raw/nn_train_data.csv
      hash: md5
      md5: 44bc1116c43eaf39f3666d465a2abd17
      size: 166023
    - path: models/nn_model.pth
      hash: md5
      md5: dce7b2b25d8b7f58b9d57b757c2f7fd6
      size: 67553
    - path: runs/nn_experiment
      hash: md5
      md5: 374aa3911699af210974877baae8b7fb.dir
      size: 4476666
      nfiles: 1
  evaluate_nn:
    cmd: python 10/data/scripts/evaluate_nn.py
    deps:
    - path: 10/data/raw/nn_feature_columns.txt
      hash: md5
      md5: 0fefbc1558ccc1156b14998a4fb68450
      size: 693
    - path: 10/data/scripts/evaluate_nn.py
      hash: md5
      md5: 16ad4262dc47a3825ade6f236c8a8c27
      size: 2885
    - path: data/student_combined_cleaned.csv
      hash: md5
      md5: dedd128d95cbabf27d2fe5106c989605
      size: 107883
    - path: models/nn_model.pth
      hash: md5
      md5: dce7b2b25d8b7f58b9d57b757c2f7fd6
      size: 67553
    - path: params.yaml
      hash: md5
      md5: dcd3622b34f7c6df99daeb075b6d4147
      size: 2692
    params:
      params.yaml:
        nn.data_path: data/student_combined_cleaned.csv
        nn.eval_data_output: 10/data/raw/nn_eval_data.csv
        nn.eval_metrics_output: results/nn_eval_result.txt
        nn.eval_plot_output: results/nn_eval_plot.png
        nn.feature_columns_output: 10/data/raw/nn_feature_columns.txt
        nn.model_output: models/nn_model.pth
        nn.plot_alpha: 0.6
        nn.plot_figsize:
        - 8
        - 6
        nn.plot_line_range:
        - 0
        - 20
        nn.random_state: 42
        nn.target: G3
        nn.test_size: 0.3
    outs:
    - path: 10/data/raw/nn_eval_data.csv
      hash: md5
      md5: 16a0d5323d655eb16408c616d37be550
      size: 72580
    - path: results/nn_eval_plot.png
      hash: md5
      md5: c265eaca3fcd4c9685450860e56977bc
      size: 42723
    - path: results/nn_eval_result.txt
      hash: md5
      md5: bbe65ffcea27246f5c8b709cf99ce18c
      size: 27
  evaluate_linear_regression_full:
    cmd: python 10/data/scripts/evaluate_linear_regression_full.py
    deps:
    - path: 10/data/scripts/evaluate_linear_regression_full.py
      hash: md5
      md5: 5af4835ad0461e6f0cf76425d21af28b
      size: 1746
    - path: data/student_combined_cleaned.csv
      hash: md5
      md5: dedd128d95cbabf27d2fe5106c989605
      size: 107883
    - path: models/linear_regression_model.pkl
      hash: md5
      md5: 89eeae4ab0e17502bc3ddd1c59cff254
      size: 2793
    - path: params.yaml
      hash: md5
      md5: dcd3622b34f7c6df99daeb075b6d4147
      size: 2692
    params:
      params.yaml:
        linear_regression.plot_alpha: 0.6
        linear_regression.plot_figsize:
        - 8
        - 6
        linear_regression.plot_line_range:
        - 0
        - 20
    outs:
    - path: results/linear_regression_eval_full_plot.png
      hash: md5
      md5: 27af968c93d31a7bde722817d93c9514
      size: 276521
    - path: results/linear_regression_eval_full_result.txt
      hash: md5
      md5: ef9f244a6b4e149701d5df1911d38de1
      size: 26
  evaluate_decision_tree_full:
    cmd: python 10/data/scripts/evaluate_decision_tree_full.py
    deps:
    - path: 10/data/scripts/evaluate_decision_tree_full.py
      hash: md5
      md5: cb66d93fd3c0c6eee261154e470e55b1
      size: 1838
    - path: data/student_combined_cleaned.csv
      hash: md5
      md5: dedd128d95cbabf27d2fe5106c989605
      size: 107883
    - path: models/decision_tree_model.pkl
      hash: md5
      md5: bc2b81a2ab76bf13e3778228375aacf8
      size: 42529
    params:
      params.yaml:
        decision_tree.data_path: data/student_combined_cleaned.csv
        decision_tree.model_output: models/decision_tree_model.pkl
        decision_tree.plot_alpha: 0.6
        decision_tree.plot_figsize:
        - 8
        - 6
        decision_tree.plot_line_range:
        - 0
        - 20
    outs:
    - path: results/decision_tree_eval_full_plot.png
      hash: md5
      md5: c6d26bb8c0161f07d09380a2dc582cb4
      size: 183533
    - path: results/decision_tree_eval_full_result.txt
      hash: md5
      md5: 32689263e7c9207c35fae6433d74b8d2
      size: 27
  evaluate_catboost_full:
    cmd: python 10/data/scripts/evaluate_catboost_full.py
    deps:
    - path: 10/data/scripts/evaluate_catboost_full.py
      hash: md5
      md5: c6402b00a63ef0e4ef8c1cfde46b43f1
      size: 1872
    - path: data/student_combined_cleaned.csv
      hash: md5
      md5: dedd128d95cbabf27d2fe5106c989605
      size: 107883
    - path: models/catboost_model.cbm
      hash: md5
      md5: cec2ce36cca858d13c4e0339727e54be
      size: 1147416
    - path: params.yaml
      hash: md5
      md5: dcd3622b34f7c6df99daeb075b6d4147
      size: 2692
    params:
      params.yaml:
        catboost.categorical_features:
        - school
        - sex
        - address
        - famsize
        - Pstatus
        - Mjob
        - Fjob
        - reason
        - guardian
        - schoolsup
        - famsup
        - paid
        - activities
        - nursery
        - higher
        - internet
        - romantic
        - class
        catboost.plot_alpha: 0.6
        catboost.plot_figsize:
        - 8
        - 6
        catboost.plot_line_range:
        - 0
        - 20
        catboost.target: G3
    outs:
    - path: results/catboost_eval_plot_full.png
      hash: md5
      md5: c8a7cdfaacee32aa361afb78f17001e2
      size: 236835
    - path: results/catboost_eval_result_full.txt
      hash: md5
      md5: 6ebf6bea62aa4515839d95e05369ca2d
      size: 27
  evaluate_xgboost_full:
    cmd: python 10/data/scripts/evaluate_xgboost_full.py
    deps:
    - path: 10/data/scripts/evaluate_xgboost_full.py
      hash: md5
      md5: 9b4bf21f77192aa664faeb2027a38744
      size: 2208
    - path: data/student_combined_cleaned.csv
      hash: md5
      md5: dedd128d95cbabf27d2fe5106c989605
      size: 107883
    - path: models/xgboost_model.json
      hash: md5
      md5: e4863f7be99549ad04e3eb91ff07c48d
      size: 2326633
    - path: params.yaml
      hash: md5
      md5: dcd3622b34f7c6df99daeb075b6d4147
      size: 2692
    params:
      params.yaml:
        xgboost.data_path: data/student_combined_cleaned.csv
        xgboost.importance_plot_output_full: results/xgboost_feature_importance_full.png
        xgboost.plot_figsize:
        - 12
        - 6
        xgboost.target: G3
    outs:
    - path: results/xgboost_eval_result_full.txt
      hash: md5
      md5: 9bc54dad4738769ce7bf17370b61d8bc
      size: 27
    - path: results/xgboost_feature_importance_full.png
      hash: md5
      md5: 09195d43d3f8670ee747397802b26ac0
      size: 278256
  evaluate_nn_full:
    cmd: python 10/data/scripts/evaluate_nn_full.py
    deps:
    - path: 10/data/raw/nn_feature_columns.txt
      hash: md5
      md5: 0fefbc1558ccc1156b14998a4fb68450
      size: 693
    - path: 10/data/scripts/evaluate_nn_full.py
      hash: md5
      md5: 04571c2361b6baa8bc132b75683cfd50
      size: 2497
    - path: data/student_combined_cleaned.csv
      hash: md5
      md5: dedd128d95cbabf27d2fe5106c989605
      size: 107883
    - path: models/nn_model.pth
      hash: md5
      md5: dce7b2b25d8b7f58b9d57b757c2f7fd6
      size: 67553
    - path: params.yaml
      hash: md5
      md5: dcd3622b34f7c6df99daeb075b6d4147
      size: 2692
    params:
      params.yaml:
        nn.data_path: data/student_combined_cleaned.csv
        nn.eval_metrics_output_full: results/nn_eval_result_full.txt
        nn.eval_plot_output_full: results/nn_eval_plot_full.png
        nn.feature_columns_output: 10/data/raw/nn_feature_columns.txt
        nn.model_output: models/nn_model.pth
        nn.plot_alpha: 0.6
        nn.plot_figsize:
        - 8
        - 6
        nn.plot_line_range:
        - 0
        - 20
        nn.target: G3
    outs:
    - path: results/nn_eval_plot_full.png
      hash: md5
      md5: 29bb6b267d9ab58d4f857481f0c8d8cd
      size: 229346
    - path: results/nn_eval_result_full.txt
      hash: md5
      md5: 4cff802c64077d6fae77777df907c6c2
      size: 27
